<?xml version="1.0" encoding="UTF-8" standalone="yes" ?>
<CodeBlocks_project_file>
	<FileVersion major="1" minor="6" />
	<Project>
		<Option title="DADS" />
		<Option pch_mode="2" />
		<Option compiler="gcc" />
		<Build>
			<Target title="Debug">
				<Option output="bin/Debug/DADS" prefix_auto="1" extension_auto="1" />
				<Option object_output="obj/Debug/" />
				<Option type="1" />
				<Option compiler="gcc" />
				<Compiler>
					<Add option="-g" />
				</Compiler>
			</Target>
			<Target title="Release">
				<Option output="bin/Release/DADS" prefix_auto="1" extension_auto="1" />
				<Option object_output="obj/Release/" />
				<Option type="1" />
				<Option compiler="gcc" />
				<Compiler>
					<Add option="-O2" />
				</Compiler>
				<Linker>
					<Add option="-s" />
				</Linker>
			</Target>
		</Build>
		<Compiler>
			<Add option="-Wall" />
		</Compiler>
		<Unit filename="New1.c">
			<Option compilerVar="CC" />
		</Unit>
		<Unit filename="files/casualtiesMatrix.txt">
			<Option target="&lt;{~None~}&gt;" />
		</Unit>
		<Unit filename="files/hospital_locality.txt">
			<Option target="&lt;{~None~}&gt;" />
		</Unit>
		<Unit filename="files/hospital_name.txt">
			<Option target="&lt;{~None~}&gt;" />
		</Unit>
		<Unit filename="files/hospital_names.c">
			<Option compilerVar="CC" />
		</Unit>
		<Unit filename="files/hospital_names.txt">
			<Option target="&lt;{~None~}&gt;" />
		</Unit>
		<Unit filename="files/matrix.txt">
			<Option target="&lt;{~None~}&gt;" />
		</Unit>
		<Unit filename="files/patient_details">
			<Option target="&lt;{~None~}&gt;" />
		</Unit>
		<Unit filename="files/patient_details.txt">
			<Option target="&lt;{~None~}&gt;" />
		</Unit>
		<Unit filename="files/weights.c">
			<Option compilerVar="CC" />
		</Unit>
		<Unit filename="files/weights.txt">
			<Option target="&lt;{~None~}&gt;" />
		</Unit>
		<Unit filename="main.c">
			<Option compilerVar="CC" />
		</Unit>
		<Extensions>
			<lib_finder disable_auto="1" />
		</Extensions>
	</Project>
</CodeBlocks_project_file>
